{
  "name": "TypeScriptDay",
  "version": "1.0.0",
  "lockfileVersion": 1,
  "dependencies": {
    "@types/lodash": {
      "version": "4.14.71",
      "resolved": "https://registry.npmjs.org/@types/lodash/-/lodash-4.14.71.tgz",
      "integrity": "sha512-x9E8HYuhmcQJPjhTd+t0oRXiQCJXoRPSzCOgYKggxtvNb/kGw8RrbdZzCXrQ6i/i4o0TettxyouY7UdbqkS4AQ=="
    },
    "@types/node": {
      "version": "8.0.19",
      "resolved": "https://registry.npmjs.org/@types/node/-/node-8.0.19.tgz",
      "integrity": "sha512-VRQB+Q0L3YZWs45uRdpN9oWr82meL/8TrJ6faoKT5tp0uub2l/aRMhtm5fo68h7kjYKH60f9/bay1nF7ZpTW5g=="
    },
    "lodash": {
      "version": "4.17.4",
      "resolved": "https://registry.npmjs.org/lodash/-/lodash-4.17.4.tgz",
      "integrity": "sha1-eCA6TRwyiuHYbcpkYONptX9AVa4="
    }
  }
}
